{
  "originHash" : "730a941eada08a611c246a6fb7db060897ebd6008e2b71adf8e46aee5b60e93e",
  "pins" : [
    {
      "identity" : "rejseplanen",
      "kind" : "remoteSourceControl",
      "location" : "http://github.com/digital-fireworks/Rejseplanen",
      "state" : {
        "branch" : "main",
        "revision" : "e12482fd4970a03c56d18a1f3b94652a3f02bf40"
      }
    }
  ],
  "version" : 3
}
