{
  "originHash" : "730a941eada08a611c246a6fb7db060897ebd6008e2b71adf8e46aee5b60e93e",
  "pins" : [
    {
      "identity" : "rejseplanen",
      "kind" : "remoteSourceControl",
      "location" : "http://github.com/digital-fireworks/Rejseplanen",
      "state" : {
        "branch" : "main",
        "revision" : "845146d2102c2076a36839e52aeec9b0658d1645"
      }
    }
  ],
  "version" : 3
}
